
Microsoft Visual Studio Solution File, Format Version 12.00
# Visual Studio Version 16
VisualStudioVersion = 16.0.29613.14
MinimumVisualStudioVersion = 10.0.40219.1
Project("{FAE04EC0-301F-11D3-BF4B-00C04F79EFBC}") = "ContosoUniversity", "ContosoUniversity\ContosoUniversity.csproj", "{F44900AC-4E74-4359-A9B3-81F6408E186D}"
EndProject
Global
	GlobalSection(SolutionConfigurationPlatforms) = preSolution
		Debug|Any CPU = Debug|Any CPU
		Release|Any CPU = Release|Any CPU
	EndGlobalSection
	GlobalSection(ProjectConfigurationPlatforms) = postSolution
		{F44900AC-4E74-4359-A9B3-81F6408E186D}.Debug|Any CPU.ActiveCfg = Debug|Any CPU
		{F44900AC-4E74-4359-A9B3-81F6408E186D}.Debug|Any CPU.Build.0 = Debug|Any CPU
		{F44900AC-4E74-4359-A9B3-81F6408E186D}.Release|Any CPU.ActiveCfg = Release|Any CPU
		{F44900AC-4E74-4359-A9B3-81F6408E186D}.Release|Any CPU.Build.0 = Release|Any CPU
	EndGlobalSection
	GlobalSection(SolutionProperties) = preSolution
		HideSolutionNode = FALSE
	EndGlobalSection
	GlobalSection(ExtensibilityGlobals) = postSolution
		SolutionGuid = {2DBFC1F6-0F2C-4351-B79A-EBC4C98EEFC3}
	EndGlobalSection
EndGlobal
